<Solution>
  <Folder Name="/src/" />
  <Folder Name="/src/BuildingBlocks/">
    <Project Path="src/BuildingBlocks/EventBus.RabbitMQ/EventBus.RabbitMQ.csproj" />
    <Project Path="src/BuildingBlocks/EventBus/EventBus.csproj" />
  </Folder>
  <Folder Name="/src/Services/" />
  <Folder Name="/src/Services/Auth/">
    <Project Path="src/Services/Auth/Auth.API/Auth.API.csproj" />
    <Project Path="src/Services/Auth/Auth.Application/Auth.Application.csproj" />
    <Project Path="src/Services/Auth/Auth.Domain/Auth.Domain.csproj" />
    <Project Path="src/Services/Auth/Auth.Infrastructure/Auth.Infrastructure.csproj" />
  </Folder>
</Solution>
